
Microsoft Visual Studio Solution File, Format Version 12.00
# Visual Studio Version 17
VisualStudioVersion = 17.14.36414.22
MinimumVisualStudioVersion = 10.0.40219.1
Project("{FAE04EC0-301F-11D3-BF4B-00C04F79EFBC}") = "Sudoku_Solver", "Soduko_Solver\Sudoku_Solver.csproj", "{3B62123B-F695-422A-A6B2-1F41A9DFE872}"
EndProject
Project("{FAE04EC0-301F-11D3-BF4B-00C04F79EFBC}") = "SudokuSolverTests", "SudokuSolverTests\SudokuSolverTests.csproj", "{0AF8D185-5218-4962-9E83-5AD570AF59A9}"
EndProject
Global
	GlobalSection(SolutionConfigurationPlatforms) = preSolution
		Debug|Any CPU = Debug|Any CPU
		Release|Any CPU = Release|Any CPU
	EndGlobalSection
	GlobalSection(ProjectConfigurationPlatforms) = postSolution
		{3B62123B-F695-422A-A6B2-1F41A9DFE872}.Debug|Any CPU.ActiveCfg = Debug|Any CPU
		{3B62123B-F695-422A-A6B2-1F41A9DFE872}.Debug|Any CPU.Build.0 = Debug|Any CPU
		{3B62123B-F695-422A-A6B2-1F41A9DFE872}.Release|Any CPU.ActiveCfg = Release|Any CPU
		{3B62123B-F695-422A-A6B2-1F41A9DFE872}.Release|Any CPU.Build.0 = Release|Any CPU
		{0AF8D185-5218-4962-9E83-5AD570AF59A9}.Debug|Any CPU.ActiveCfg = Debug|Any CPU
		{0AF8D185-5218-4962-9E83-5AD570AF59A9}.Debug|Any CPU.Build.0 = Debug|Any CPU
		{0AF8D185-5218-4962-9E83-5AD570AF59A9}.Release|Any CPU.ActiveCfg = Release|Any CPU
		{0AF8D185-5218-4962-9E83-5AD570AF59A9}.Release|Any CPU.Build.0 = Release|Any CPU
	EndGlobalSection
	GlobalSection(SolutionProperties) = preSolution
		HideSolutionNode = FALSE
	EndGlobalSection
	GlobalSection(ExtensibilityGlobals) = postSolution
		SolutionGuid = {5F0B5044-3C5C-4013-BC7B-500604A1B784}
	EndGlobalSection
EndGlobal
